
Microsoft Visual Studio Solution File, Format Version 12.00
# Visual Studio Version 17
VisualStudioVersion = 17.13.35818.85 d17.13
MinimumVisualStudioVersion = 10.0.40219.1
Project("{FAE04EC0-301F-11D3-BF4B-00C04F79EFBC}") = "HotelBackEndApp", "HotelBackEndApp\HotelBackEndApp.csproj", "{63B4EFBA-0F27-467D-8377-0D433A3115BC}"
EndProject
Global
	GlobalSection(SolutionConfigurationPlatforms) = preSolution
		Debug|Any CPU = Debug|Any CPU
		Release|Any CPU = Release|Any CPU
	EndGlobalSection
	GlobalSection(ProjectConfigurationPlatforms) = postSolution
		{63B4EFBA-0F27-467D-8377-0D433A3115BC}.Debug|Any CPU.ActiveCfg = Debug|Any CPU
		{63B4EFBA-0F27-467D-8377-0D433A3115BC}.Debug|Any CPU.Build.0 = Debug|Any CPU
		{63B4EFBA-0F27-467D-8377-0D433A3115BC}.Release|Any CPU.ActiveCfg = Release|Any CPU
		{63B4EFBA-0F27-467D-8377-0D433A3115BC}.Release|Any CPU.Build.0 = Release|Any CPU
	EndGlobalSection
	GlobalSection(SolutionProperties) = preSolution
		HideSolutionNode = FALSE
	EndGlobalSection
	GlobalSection(ExtensibilityGlobals) = postSolution
		SolutionGuid = {84DC763D-B9AC-4DAF-B015-17EE6B0B7538}
	EndGlobalSection
EndGlobal
